
Microsoft Visual Studio Solution File, Format Version 12.00
# Visual Studio Version 17
VisualStudioVersion = 17.8.34330.188
MinimumVisualStudioVersion = 10.0.40219.1
Project("{2150E333-8FDC-42A3-9474-1A3956D46DE8}") = "src", "src", "{861D1A45-2EAF-4883-A415-3A9F5AA9F389}"
EndProject
Project("{2150E333-8FDC-42A3-9474-1A3956D46DE8}") = "Api", "Api", "{B69EB10E-387A-4C00-9E23-E2AAAF6CF10C}"
EndProject
Project("{2150E333-8FDC-42A3-9474-1A3956D46DE8}") = "Clients", "Clients", "{56A6DB8F-60C0-4431-9B7C-5CA3692713C0}"
EndProject
Project("{2150E333-8FDC-42A3-9474-1A3956D46DE8}") = "Common", "Common", "{ED02349F-A580-4EA0-8F46-5400C672FCAA}"
EndProject
Project("{2150E333-8FDC-42A3-9474-1A3956D46DE8}") = "Projections", "Projections", "{698774EF-08AE-4CAB-804B-D3CFB8A12E35}"
EndProject
Project("{2150E333-8FDC-42A3-9474-1A3956D46DE8}") = "Core", "Core", "{DE920AAF-A1D5-401F-B667-EA299EBEE1A4}"
EndProject
Project("{2150E333-8FDC-42A3-9474-1A3956D46DE8}") = "Infastructure", "Infastructure", "{CE1FD611-6188-4E8F-9887-DCDBAD63389A}"
EndProject
Project("{2150E333-8FDC-42A3-9474-1A3956D46DE8}") = "WebApi", "WebApi", "{8A7C5B77-3D81-4A6F-B64F-594F9A6A233A}"
EndProject
Project("{9A19103F-16F7-4668-BE54-9A1E7A4F7556}") = "SoclukProject.Common", "src\Common\SoclukProject.Common\SoclukProject.Common.csproj", "{02E3B826-3A62-453A-8701-79824F0D51E2}"
EndProject
Project("{9A19103F-16F7-4668-BE54-9A1E7A4F7556}") = "SoclukProject.Api.Domain", "src\Api\Core\SoclukProject.Api.Domain\SoclukProject.Api.Domain.csproj", "{628DC390-53FD-4994-BB74-A314338B1F04}"
EndProject
Project("{9A19103F-16F7-4668-BE54-9A1E7A4F7556}") = "SoclukProject.Api.Application", "src\Api\Core\SoclukProject.Api.Application\SoclukProject.Api.Application.csproj", "{4438BD70-A5E7-4CB1-945C-BF8683571F6E}"
EndProject
Project("{9A19103F-16F7-4668-BE54-9A1E7A4F7556}") = "SoclukProject.Infrastructure.Persistance", "src\Api\Infrastructure\SoclukProject.Infrastructure.Persistance\SoclukProject.Infrastructure.Persistance.csproj", "{17060FA3-609C-4487-B494-B72D9A8E104A}"
EndProject
Project("{9A19103F-16F7-4668-BE54-9A1E7A4F7556}") = "SoclukProject.Api.WebApi", "src\Api\WebApi\SoclukProject.Api.WebApi\SoclukProject.Api.WebApi.csproj", "{437432D0-19E9-4723-BBAA-22E983759FF7}"
EndProject
Project("{9A19103F-16F7-4668-BE54-9A1E7A4F7556}") = "SoclukProject.Projections.FavoriteService", "src\Projections\SoclukProject.Projections.FavoriteService\SoclukProject.Projections.FavoriteService.csproj", "{47EB0D8C-79D6-477A-A10B-93F0ED2E495F}"
EndProject
Project("{9A19103F-16F7-4668-BE54-9A1E7A4F7556}") = "SoclukProject.Projections.VoteService", "src\Projections\SoclukProject.Projections.VoteService\SoclukProject.Projections.VoteService.csproj", "{710DA475-D47F-49BC-B805-1F4581E6A0EA}"
EndProject
Project("{9A19103F-16F7-4668-BE54-9A1E7A4F7556}") = "SoclukProject.Projections.UserService", "src\Projections\SoclukProject.Projections.UserService\SoclukProject.Projections.UserService.csproj", "{BD879C68-CCD2-4584-8B96-848F6CEF8228}"
EndProject
Project("{2150E333-8FDC-42A3-9474-1A3956D46DE8}") = "BlazorWeb", "BlazorWeb", "{01127089-5AA1-4F27-8DE3-A369ABACD02C}"
EndProject
Project("{FAE04EC0-301F-11D3-BF4B-00C04F79EFBC}") = "SoclukProject.WebApp", "src\Clients\BlazorWeb\SoclukProject.WebApp\SoclukProject.WebApp.csproj", "{BFCB9A09-BF6F-4A7C-9C3C-39588D1CF323}"
EndProject
Global
	GlobalSection(SolutionConfigurationPlatforms) = preSolution
		Debug|Any CPU = Debug|Any CPU
		Release|Any CPU = Release|Any CPU
	EndGlobalSection
	GlobalSection(ProjectConfigurationPlatforms) = postSolution
		{02E3B826-3A62-453A-8701-79824F0D51E2}.Debug|Any CPU.ActiveCfg = Debug|Any CPU
		{02E3B826-3A62-453A-8701-79824F0D51E2}.Debug|Any CPU.Build.0 = Debug|Any CPU
		{02E3B826-3A62-453A-8701-79824F0D51E2}.Release|Any CPU.ActiveCfg = Release|Any CPU
		{02E3B826-3A62-453A-8701-79824F0D51E2}.Release|Any CPU.Build.0 = Release|Any CPU
		{628DC390-53FD-4994-BB74-A314338B1F04}.Debug|Any CPU.ActiveCfg = Debug|Any CPU
		{628DC390-53FD-4994-BB74-A314338B1F04}.Debug|Any CPU.Build.0 = Debug|Any CPU
		{628DC390-53FD-4994-BB74-A314338B1F04}.Release|Any CPU.ActiveCfg = Release|Any CPU
		{628DC390-53FD-4994-BB74-A314338B1F04}.Release|Any CPU.Build.0 = Release|Any CPU
		{4438BD70-A5E7-4CB1-945C-BF8683571F6E}.Debug|Any CPU.ActiveCfg = Debug|Any CPU
		{4438BD70-A5E7-4CB1-945C-BF8683571F6E}.Debug|Any CPU.Build.0 = Debug|Any CPU
		{4438BD70-A5E7-4CB1-945C-BF8683571F6E}.Release|Any CPU.ActiveCfg = Release|Any CPU
		{4438BD70-A5E7-4CB1-945C-BF8683571F6E}.Release|Any CPU.Build.0 = Release|Any CPU
		{17060FA3-609C-4487-B494-B72D9A8E104A}.Debug|Any CPU.ActiveCfg = Debug|Any CPU
		{17060FA3-609C-4487-B494-B72D9A8E104A}.Debug|Any CPU.Build.0 = Debug|Any CPU
		{17060FA3-609C-4487-B494-B72D9A8E104A}.Release|Any CPU.ActiveCfg = Release|Any CPU
		{17060FA3-609C-4487-B494-B72D9A8E104A}.Release|Any CPU.Build.0 = Release|Any CPU
		{437432D0-19E9-4723-BBAA-22E983759FF7}.Debug|Any CPU.ActiveCfg = Debug|Any CPU
		{437432D0-19E9-4723-BBAA-22E983759FF7}.Debug|Any CPU.Build.0 = Debug|Any CPU
		{437432D0-19E9-4723-BBAA-22E983759FF7}.Release|Any CPU.ActiveCfg = Release|Any CPU
		{437432D0-19E9-4723-BBAA-22E983759FF7}.Release|Any CPU.Build.0 = Release|Any CPU
		{47EB0D8C-79D6-477A-A10B-93F0ED2E495F}.Debug|Any CPU.ActiveCfg = Debug|Any CPU
		{47EB0D8C-79D6-477A-A10B-93F0ED2E495F}.Debug|Any CPU.Build.0 = Debug|Any CPU
		{47EB0D8C-79D6-477A-A10B-93F0ED2E495F}.Release|Any CPU.ActiveCfg = Release|Any CPU
		{47EB0D8C-79D6-477A-A10B-93F0ED2E495F}.Release|Any CPU.Build.0 = Release|Any CPU
		{710DA475-D47F-49BC-B805-1F4581E6A0EA}.Debug|Any CPU.ActiveCfg = Debug|Any CPU
		{710DA475-D47F-49BC-B805-1F4581E6A0EA}.Debug|Any CPU.Build.0 = Debug|Any CPU
		{710DA475-D47F-49BC-B805-1F4581E6A0EA}.Release|Any CPU.ActiveCfg = Release|Any CPU
		{710DA475-D47F-49BC-B805-1F4581E6A0EA}.Release|Any CPU.Build.0 = Release|Any CPU
		{BD879C68-CCD2-4584-8B96-848F6CEF8228}.Debug|Any CPU.ActiveCfg = Debug|Any CPU
		{BD879C68-CCD2-4584-8B96-848F6CEF8228}.Debug|Any CPU.Build.0 = Debug|Any CPU
		{BD879C68-CCD2-4584-8B96-848F6CEF8228}.Release|Any CPU.ActiveCfg = Release|Any CPU
		{BD879C68-CCD2-4584-8B96-848F6CEF8228}.Release|Any CPU.Build.0 = Release|Any CPU
		{BFCB9A09-BF6F-4A7C-9C3C-39588D1CF323}.Debug|Any CPU.ActiveCfg = Debug|Any CPU
		{BFCB9A09-BF6F-4A7C-9C3C-39588D1CF323}.Debug|Any CPU.Build.0 = Debug|Any CPU
		{BFCB9A09-BF6F-4A7C-9C3C-39588D1CF323}.Release|Any CPU.ActiveCfg = Release|Any CPU
		{BFCB9A09-BF6F-4A7C-9C3C-39588D1CF323}.Release|Any CPU.Build.0 = Release|Any CPU
	EndGlobalSection
	GlobalSection(SolutionProperties) = preSolution
		HideSolutionNode = FALSE
	EndGlobalSection
	GlobalSection(NestedProjects) = preSolution
		{B69EB10E-387A-4C00-9E23-E2AAAF6CF10C} = {861D1A45-2EAF-4883-A415-3A9F5AA9F389}
		{56A6DB8F-60C0-4431-9B7C-5CA3692713C0} = {861D1A45-2EAF-4883-A415-3A9F5AA9F389}
		{ED02349F-A580-4EA0-8F46-5400C672FCAA} = {861D1A45-2EAF-4883-A415-3A9F5AA9F389}
		{698774EF-08AE-4CAB-804B-D3CFB8A12E35} = {861D1A45-2EAF-4883-A415-3A9F5AA9F389}
		{DE920AAF-A1D5-401F-B667-EA299EBEE1A4} = {B69EB10E-387A-4C00-9E23-E2AAAF6CF10C}
		{CE1FD611-6188-4E8F-9887-DCDBAD63389A} = {B69EB10E-387A-4C00-9E23-E2AAAF6CF10C}
		{8A7C5B77-3D81-4A6F-B64F-594F9A6A233A} = {B69EB10E-387A-4C00-9E23-E2AAAF6CF10C}
		{02E3B826-3A62-453A-8701-79824F0D51E2} = {ED02349F-A580-4EA0-8F46-5400C672FCAA}
		{628DC390-53FD-4994-BB74-A314338B1F04} = {DE920AAF-A1D5-401F-B667-EA299EBEE1A4}
		{4438BD70-A5E7-4CB1-945C-BF8683571F6E} = {DE920AAF-A1D5-401F-B667-EA299EBEE1A4}
		{17060FA3-609C-4487-B494-B72D9A8E104A} = {CE1FD611-6188-4E8F-9887-DCDBAD63389A}
		{437432D0-19E9-4723-BBAA-22E983759FF7} = {8A7C5B77-3D81-4A6F-B64F-594F9A6A233A}
		{47EB0D8C-79D6-477A-A10B-93F0ED2E495F} = {698774EF-08AE-4CAB-804B-D3CFB8A12E35}
		{710DA475-D47F-49BC-B805-1F4581E6A0EA} = {698774EF-08AE-4CAB-804B-D3CFB8A12E35}
		{BD879C68-CCD2-4584-8B96-848F6CEF8228} = {698774EF-08AE-4CAB-804B-D3CFB8A12E35}
		{01127089-5AA1-4F27-8DE3-A369ABACD02C} = {56A6DB8F-60C0-4431-9B7C-5CA3692713C0}
		{BFCB9A09-BF6F-4A7C-9C3C-39588D1CF323} = {01127089-5AA1-4F27-8DE3-A369ABACD02C}
	EndGlobalSection
	GlobalSection(ExtensibilityGlobals) = postSolution
		SolutionGuid = {4E71CE72-C27C-4D8A-8937-2CF0DD714680}
	EndGlobalSection
EndGlobal
